
Microsoft Visual Studio Solution File, Format Version 12.00
# Visual Studio 15
VisualStudioVersion = 15.0.26403.7
MinimumVisualStudioVersion = 10.0.40219.1
Project("{FAE04EC0-301F-11D3-BF4B-00C04F79EFBC}") = "PrimeiroProjeto.Android", "PrimeiroProjeto\PrimeiroProjeto.Android\PrimeiroProjeto.Android.csproj", "{8CB6CEC1-6438-45E8-8DEA-67602A4159E9}"
EndProject
Project("{FAE04EC0-301F-11D3-BF4B-00C04F79EFBC}") = "PrimeiroProjeto", "PrimeiroProjeto\PrimeiroProjeto\PrimeiroProjeto.csproj", "{48431D2B-5F91-4294-B681-547A661CBB10}"
EndProject
Project("{FAE04EC0-301F-11D3-BF4B-00C04F79EFBC}") = "PrimeiroProjeto.iOS", "PrimeiroProjeto\PrimeiroProjeto.iOS\PrimeiroProjeto.iOS.csproj", "{FF377AF4-24BB-419A-BE79-EC78FBBC0034}"
EndProject
Global
	GlobalSection(SolutionConfigurationPlatforms) = preSolution
		Ad-Hoc|Any CPU = Ad-Hoc|Any CPU
		Ad-Hoc|iPhone = Ad-Hoc|iPhone
		Ad-Hoc|iPhoneSimulator = Ad-Hoc|iPhoneSimulator
		AppStore|Any CPU = AppStore|Any CPU
		AppStore|iPhone = AppStore|iPhone
		AppStore|iPhoneSimulator = AppStore|iPhoneSimulator
		Debug|Any CPU = Debug|Any CPU
		Debug|iPhone = Debug|iPhone
		Debug|iPhoneSimulator = Debug|iPhoneSimulator
		Release|Any CPU = Release|Any CPU
		Release|iPhone = Release|iPhone
		Release|iPhoneSimulator = Release|iPhoneSimulator
	EndGlobalSection
	GlobalSection(ProjectConfigurationPlatforms) = postSolution
		{8CB6CEC1-6438-45E8-8DEA-67602A4159E9}.Ad-Hoc|Any CPU.ActiveCfg = Release|Any CPU
		{8CB6CEC1-6438-45E8-8DEA-67602A4159E9}.Ad-Hoc|Any CPU.Build.0 = Release|Any CPU
		{8CB6CEC1-6438-45E8-8DEA-67602A4159E9}.Ad-Hoc|Any CPU.Deploy.0 = Release|Any CPU
		{8CB6CEC1-6438-45E8-8DEA-67602A4159E9}.Ad-Hoc|iPhone.ActiveCfg = Release|Any CPU
		{8CB6CEC1-6438-45E8-8DEA-67602A4159E9}.Ad-Hoc|iPhone.Build.0 = Release|Any CPU
		{8CB6CEC1-6438-45E8-8DEA-67602A4159E9}.Ad-Hoc|iPhone.Deploy.0 = Release|Any CPU
		{8CB6CEC1-6438-45E8-8DEA-67602A4159E9}.Ad-Hoc|iPhoneSimulator.ActiveCfg = Release|Any CPU
		{8CB6CEC1-6438-45E8-8DEA-67602A4159E9}.Ad-Hoc|iPhoneSimulator.Build.0 = Release|Any CPU
		{8CB6CEC1-6438-45E8-8DEA-67602A4159E9}.Ad-Hoc|iPhoneSimulator.Deploy.0 = Release|Any CPU
		{8CB6CEC1-6438-45E8-8DEA-67602A4159E9}.AppStore|Any CPU.ActiveCfg = Release|Any CPU
		{8CB6CEC1-6438-45E8-8DEA-67602A4159E9}.AppStore|Any CPU.Build.0 = Release|Any CPU
		{8CB6CEC1-6438-45E8-8DEA-67602A4159E9}.AppStore|Any CPU.Deploy.0 = Release|Any CPU
		{8CB6CEC1-6438-45E8-8DEA-67602A4159E9}.AppStore|iPhone.ActiveCfg = Release|Any CPU
		{8CB6CEC1-6438-45E8-8DEA-67602A4159E9}.AppStore|iPhone.Build.0 = Release|Any CPU
		{8CB6CEC1-6438-45E8-8DEA-67602A4159E9}.AppStore|iPhone.Deploy.0 = Release|Any CPU
		{8CB6CEC1-6438-45E8-8DEA-67602A4159E9}.AppStore|iPhoneSimulator.ActiveCfg = Release|Any CPU
		{8CB6CEC1-6438-45E8-8DEA-67602A4159E9}.AppStore|iPhoneSimulator.Build.0 = Release|Any CPU
		{8CB6CEC1-6438-45E8-8DEA-67602A4159E9}.AppStore|iPhoneSimulator.Deploy.0 = Release|Any CPU
		{8CB6CEC1-6438-45E8-8DEA-67602A4159E9}.Debug|Any CPU.ActiveCfg = Debug|Any CPU
		{8CB6CEC1-6438-45E8-8DEA-67602A4159E9}.Debug|Any CPU.Build.0 = Debug|Any CPU
		{8CB6CEC1-6438-45E8-8DEA-67602A4159E9}.Debug|Any CPU.Deploy.0 = Debug|Any CPU
		{8CB6CEC1-6438-45E8-8DEA-67602A4159E9}.Debug|iPhone.ActiveCfg = Debug|Any CPU
		{8CB6CEC1-6438-45E8-8DEA-67602A4159E9}.Debug|iPhone.Build.0 = Debug|Any CPU
		{8CB6CEC1-6438-45E8-8DEA-67602A4159E9}.Debug|iPhone.Deploy.0 = Debug|Any CPU
		{8CB6CEC1-6438-45E8-8DEA-67602A4159E9}.Debug|iPhoneSimulator.ActiveCfg = Debug|Any CPU
		{8CB6CEC1-6438-45E8-8DEA-67602A4159E9}.Debug|iPhoneSimulator.Build.0 = Debug|Any CPU
		{8CB6CEC1-6438-45E8-8DEA-67602A4159E9}.Debug|iPhoneSimulator.Deploy.0 = Debug|Any CPU
		{8CB6CEC1-6438-45E8-8DEA-67602A4159E9}.Release|Any CPU.ActiveCfg = Release|Any CPU
		{8CB6CEC1-6438-45E8-8DEA-67602A4159E9}.Release|Any CPU.Build.0 = Release|Any CPU
		{8CB6CEC1-6438-45E8-8DEA-67602A4159E9}.Release|Any CPU.Deploy.0 = Release|Any CPU
		{8CB6CEC1-6438-45E8-8DEA-67602A4159E9}.Release|iPhone.ActiveCfg = Release|Any CPU
		{8CB6CEC1-6438-45E8-8DEA-67602A4159E9}.Release|iPhone.Build.0 = Release|Any CPU
		{8CB6CEC1-6438-45E8-8DEA-67602A4159E9}.Release|iPhone.Deploy.0 = Release|Any CPU
		{8CB6CEC1-6438-45E8-8DEA-67602A4159E9}.Release|iPhoneSimulator.ActiveCfg = Release|Any CPU
		{8CB6CEC1-6438-45E8-8DEA-67602A4159E9}.Release|iPhoneSimulator.Build.0 = Release|Any CPU
		{8CB6CEC1-6438-45E8-8DEA-67602A4159E9}.Release|iPhoneSimulator.Deploy.0 = Release|Any CPU
		{48431D2B-5F91-4294-B681-547A661CBB10}.Ad-Hoc|Any CPU.ActiveCfg = Release|Any CPU
		{48431D2B-5F91-4294-B681-547A661CBB10}.Ad-Hoc|Any CPU.Build.0 = Release|Any CPU
		{48431D2B-5F91-4294-B681-547A661CBB10}.Ad-Hoc|iPhone.ActiveCfg = Release|Any CPU
		{48431D2B-5F91-4294-B681-547A661CBB10}.Ad-Hoc|iPhone.Build.0 = Release|Any CPU
		{48431D2B-5F91-4294-B681-547A661CBB10}.Ad-Hoc|iPhoneSimulator.ActiveCfg = Release|Any CPU
		{48431D2B-5F91-4294-B681-547A661CBB10}.Ad-Hoc|iPhoneSimulator.Build.0 = Release|Any CPU
		{48431D2B-5F91-4294-B681-547A661CBB10}.AppStore|Any CPU.ActiveCfg = Release|Any CPU
		{48431D2B-5F91-4294-B681-547A661CBB10}.AppStore|Any CPU.Build.0 = Release|Any CPU
		{48431D2B-5F91-4294-B681-547A661CBB10}.AppStore|iPhone.ActiveCfg = Release|Any CPU
		{48431D2B-5F91-4294-B681-547A661CBB10}.AppStore|iPhone.Build.0 = Release|Any CPU
		{48431D2B-5F91-4294-B681-547A661CBB10}.AppStore|iPhoneSimulator.ActiveCfg = Release|Any CPU
		{48431D2B-5F91-4294-B681-547A661CBB10}.AppStore|iPhoneSimulator.Build.0 = Release|Any CPU
		{48431D2B-5F91-4294-B681-547A661CBB10}.Debug|Any CPU.ActiveCfg = Debug|Any CPU
		{48431D2B-5F91-4294-B681-547A661CBB10}.Debug|Any CPU.Build.0 = Debug|Any CPU
		{48431D2B-5F91-4294-B681-547A661CBB10}.Debug|iPhone.ActiveCfg = Debug|Any CPU
		{48431D2B-5F91-4294-B681-547A661CBB10}.Debug|iPhone.Build.0 = Debug|Any CPU
		{48431D2B-5F91-4294-B681-547A661CBB10}.Debug|iPhoneSimulator.ActiveCfg = Debug|Any CPU
		{48431D2B-5F91-4294-B681-547A661CBB10}.Debug|iPhoneSimulator.Build.0 = Debug|Any CPU
		{48431D2B-5F91-4294-B681-547A661CBB10}.Release|Any CPU.ActiveCfg = Release|Any CPU
		{48431D2B-5F91-4294-B681-547A661CBB10}.Release|Any CPU.Build.0 = Release|Any CPU
		{48431D2B-5F91-4294-B681-547A661CBB10}.Release|iPhone.ActiveCfg = Release|Any CPU
		{48431D2B-5F91-4294-B681-547A661CBB10}.Release|iPhone.Build.0 = Release|Any CPU
		{48431D2B-5F91-4294-B681-547A661CBB10}.Release|iPhoneSimulator.ActiveCfg = Release|Any CPU
		{48431D2B-5F91-4294-B681-547A661CBB10}.Release|iPhoneSimulator.Build.0 = Release|Any CPU
		{FF377AF4-24BB-419A-BE79-EC78FBBC0034}.Ad-Hoc|Any CPU.ActiveCfg = Ad-Hoc|iPhone
		{FF377AF4-24BB-419A-BE79-EC78FBBC0034}.Ad-Hoc|iPhone.ActiveCfg = Ad-Hoc|iPhone
		{FF377AF4-24BB-419A-BE79-EC78FBBC0034}.Ad-Hoc|iPhone.Build.0 = Ad-Hoc|iPhone
		{FF377AF4-24BB-419A-BE79-EC78FBBC0034}.Ad-Hoc|iPhoneSimulator.ActiveCfg = Ad-Hoc|iPhoneSimulator
		{FF377AF4-24BB-419A-BE79-EC78FBBC0034}.Ad-Hoc|iPhoneSimulator.Build.0 = Ad-Hoc|iPhoneSimulator
		{FF377AF4-24BB-419A-BE79-EC78FBBC0034}.AppStore|Any CPU.ActiveCfg = AppStore|iPhone
		{FF377AF4-24BB-419A-BE79-EC78FBBC0034}.AppStore|iPhone.ActiveCfg = AppStore|iPhone
		{FF377AF4-24BB-419A-BE79-EC78FBBC0034}.AppStore|iPhone.Build.0 = AppStore|iPhone
		{FF377AF4-24BB-419A-BE79-EC78FBBC0034}.AppStore|iPhoneSimulator.ActiveCfg = AppStore|iPhoneSimulator
		{FF377AF4-24BB-419A-BE79-EC78FBBC0034}.AppStore|iPhoneSimulator.Build.0 = AppStore|iPhoneSimulator
		{FF377AF4-24BB-419A-BE79-EC78FBBC0034}.Debug|Any CPU.ActiveCfg = Debug|iPhone
		{FF377AF4-24BB-419A-BE79-EC78FBBC0034}.Debug|iPhone.ActiveCfg = Debug|iPhone
		{FF377AF4-24BB-419A-BE79-EC78FBBC0034}.Debug|iPhone.Build.0 = Debug|iPhone
		{FF377AF4-24BB-419A-BE79-EC78FBBC0034}.Debug|iPhoneSimulator.ActiveCfg = Debug|iPhoneSimulator
		{FF377AF4-24BB-419A-BE79-EC78FBBC0034}.Debug|iPhoneSimulator.Build.0 = Debug|iPhoneSimulator
		{FF377AF4-24BB-419A-BE79-EC78FBBC0034}.Release|Any CPU.ActiveCfg = Release|iPhone
		{FF377AF4-24BB-419A-BE79-EC78FBBC0034}.Release|iPhone.ActiveCfg = Release|iPhone
		{FF377AF4-24BB-419A-BE79-EC78FBBC0034}.Release|iPhone.Build.0 = Release|iPhone
		{FF377AF4-24BB-419A-BE79-EC78FBBC0034}.Release|iPhoneSimulator.ActiveCfg = Release|iPhoneSimulator
		{FF377AF4-24BB-419A-BE79-EC78FBBC0034}.Release|iPhoneSimulator.Build.0 = Release|iPhoneSimulator
	EndGlobalSection
	GlobalSection(SolutionProperties) = preSolution
		HideSolutionNode = FALSE
	EndGlobalSection
EndGlobal
